
Microsoft Visual Studio Solution File, Format Version 12.00
# Visual Studio 15
VisualStudioVersion = 15.0.27428.2043
MinimumVisualStudioVersion = 10.0.40219.1
Project("{FAE04EC0-301F-11D3-BF4B-00C04F79EFBC}") = "DragDotNet.Api", "DragDotNet.Api\DragDotNet.Api.csproj", "{0EA68FB3-4C38-46A3-83D4-F28791164224}"
EndProject
Global
	GlobalSection(SolutionConfigurationPlatforms) = preSolution
		Debug|Any CPU = Debug|Any CPU
		Release|Any CPU = Release|Any CPU
	EndGlobalSection
	GlobalSection(ProjectConfigurationPlatforms) = postSolution
		{0EA68FB3-4C38-46A3-83D4-F28791164224}.Debug|Any CPU.ActiveCfg = Debug|Any CPU
		{0EA68FB3-4C38-46A3-83D4-F28791164224}.Debug|Any CPU.Build.0 = Debug|Any CPU
		{0EA68FB3-4C38-46A3-83D4-F28791164224}.Release|Any CPU.ActiveCfg = Release|Any CPU
		{0EA68FB3-4C38-46A3-83D4-F28791164224}.Release|Any CPU.Build.0 = Release|Any CPU
	EndGlobalSection
	GlobalSection(SolutionProperties) = preSolution
		HideSolutionNode = FALSE
	EndGlobalSection
	GlobalSection(ExtensibilityGlobals) = postSolution
		SolutionGuid = {F4A1758C-DDF1-40B6-8A56-F4DC2D87266B}
	EndGlobalSection
EndGlobal
